
Microsoft Visual Studio Solution File, Format Version 12.00
# Visual Studio Version 17
VisualStudioVersion = 17.5.33516.290
MinimumVisualStudioVersion = 10.0.40219.1
Project("{FAE04EC0-301F-11D3-BF4B-00C04F79EFBC}") = "ExperementsAPI", "ExperementsAPI.csproj", "{E4E1176C-A590-425F-B855-25A3D740F621}"
EndProject
Global
	GlobalSection(SolutionConfigurationPlatforms) = preSolution
		Debug|Any CPU = Debug|Any CPU
		Release|Any CPU = Release|Any CPU
	EndGlobalSection
	GlobalSection(ProjectConfigurationPlatforms) = postSolution
		{E4E1176C-A590-425F-B855-25A3D740F621}.Debug|Any CPU.ActiveCfg = Debug|Any CPU
		{E4E1176C-A590-425F-B855-25A3D740F621}.Debug|Any CPU.Build.0 = Debug|Any CPU
		{E4E1176C-A590-425F-B855-25A3D740F621}.Release|Any CPU.ActiveCfg = Release|Any CPU
		{E4E1176C-A590-425F-B855-25A3D740F621}.Release|Any CPU.Build.0 = Release|Any CPU
	EndGlobalSection
	GlobalSection(SolutionProperties) = preSolution
		HideSolutionNode = FALSE
	EndGlobalSection
	GlobalSection(ExtensibilityGlobals) = postSolution
		SolutionGuid = {24C3107E-E433-4A45-B2C6-600D65DECAB7}
	EndGlobalSection
EndGlobal
